
Microsoft Visual Studio Solution File, Format Version 12.00
# Visual Studio Version 16
VisualStudioVersion = 16.0.30523.141
MinimumVisualStudioVersion = 10.0.40219.1
Project("{FAE04EC0-301F-11D3-BF4B-00C04F79EFBC}") = "Sequencer", "Sequencer\Sequencer.csproj", "{D23CBB26-28CA-4D59-B50B-D1D3B2E23154}"
EndProject
Global
	GlobalSection(SolutionConfigurationPlatforms) = preSolution
		Debug|Any CPU = Debug|Any CPU
		Release|Any CPU = Release|Any CPU
	EndGlobalSection
	GlobalSection(ProjectConfigurationPlatforms) = postSolution
		{D23CBB26-28CA-4D59-B50B-D1D3B2E23154}.Debug|Any CPU.ActiveCfg = Debug|Any CPU
		{D23CBB26-28CA-4D59-B50B-D1D3B2E23154}.Debug|Any CPU.Build.0 = Debug|Any CPU
		{D23CBB26-28CA-4D59-B50B-D1D3B2E23154}.Release|Any CPU.ActiveCfg = Release|Any CPU
		{D23CBB26-28CA-4D59-B50B-D1D3B2E23154}.Release|Any CPU.Build.0 = Release|Any CPU
	EndGlobalSection
	GlobalSection(SolutionProperties) = preSolution
		HideSolutionNode = FALSE
	EndGlobalSection
	GlobalSection(ExtensibilityGlobals) = postSolution
		SolutionGuid = {2D528032-34D2-4980-9EAE-EF0059CC2DE1}
	EndGlobalSection
EndGlobal
